Microsoft Visual Studio Solution File, Format Version 12.00
# Visual Studio Version 17
VisualStudioVersion = 17.0.31912.275
MinimumVisualStudioVersion = 10.0.40219.1
Project("{FAE04EC0-301F-11D3-BF4B-00C04F79EFBC}") = "CalculateAudioBookRunningTimes", "CalculateAudioBookRunningTimes\CalculateAudioBookRunningTimes.csproj", "{89994FB2-5025-467B-A671-B9EB0AE230C6}"
EndProject
Global
	GlobalSection(SolutionConfigurationPlatforms) = preSolution
		Debug|Any CPU = Debug|Any CPU
	EndGlobalSection
	GlobalSection(ProjectConfigurationPlatforms) = postSolution
		{89994FB2-5025-467B-A671-B9EB0AE230C6}.Debug|Any CPU.ActiveCfg = Debug|Any CPU
		{89994FB2-5025-467B-A671-B9EB0AE230C6}.Debug|Any CPU.Build.0 = Debug|Any CPU
	EndGlobalSection
	GlobalSection(SolutionProperties) = preSolution
		HideSolutionNode = FALSE
	EndGlobalSection
	GlobalSection(ExtensibilityGlobals) = postSolution
		SolutionGuid = {6F0A07D0-8DD3-4EEA-B703-B10495301647}
	EndGlobalSection
EndGlobal
